
Microsoft Visual Studio Solution File, Format Version 12.00
# Visual Studio 2013
VisualStudioVersion = 12.0.31101.0
MinimumVisualStudioVersion = 10.0.40219.1
Project("{FAE04EC0-301F-11D3-BF4B-00C04F79EFBC}") = "Grafy.Program", "Grafy.Program\Grafy.Program.csproj", "{D8E66A38-BC7A-4B6D-A4A6-0545941F4FC1}"
EndProject
Project("{FAE04EC0-301F-11D3-BF4B-00C04F79EFBC}") = "Grafy.Logic", "Grafy.Logic\Grafy.Logic.csproj", "{2F99718A-ACBC-446E-AEB5-FBB0CB181D08}"
EndProject
Global
	GlobalSection(SolutionConfigurationPlatforms) = preSolution
		Debug|Any CPU = Debug|Any CPU
		Release|Any CPU = Release|Any CPU
	EndGlobalSection
	GlobalSection(ProjectConfigurationPlatforms) = postSolution
		{D8E66A38-BC7A-4B6D-A4A6-0545941F4FC1}.Debug|Any CPU.ActiveCfg = Debug|Any CPU
		{D8E66A38-BC7A-4B6D-A4A6-0545941F4FC1}.Debug|Any CPU.Build.0 = Debug|Any CPU
		{D8E66A38-BC7A-4B6D-A4A6-0545941F4FC1}.Release|Any CPU.ActiveCfg = Release|Any CPU
		{D8E66A38-BC7A-4B6D-A4A6-0545941F4FC1}.Release|Any CPU.Build.0 = Release|Any CPU
		{2F99718A-ACBC-446E-AEB5-FBB0CB181D08}.Debug|Any CPU.ActiveCfg = Debug|Any CPU
		{2F99718A-ACBC-446E-AEB5-FBB0CB181D08}.Debug|Any CPU.Build.0 = Debug|Any CPU
		{2F99718A-ACBC-446E-AEB5-FBB0CB181D08}.Release|Any CPU.ActiveCfg = Release|Any CPU
		{2F99718A-ACBC-446E-AEB5-FBB0CB181D08}.Release|Any CPU.Build.0 = Release|Any CPU
	EndGlobalSection
	GlobalSection(SolutionProperties) = preSolution
		HideSolutionNode = FALSE
	EndGlobalSection
EndGlobal
